
Microsoft Visual Studio Solution File, Format Version 12.00
# Visual Studio Version 17
VisualStudioVersion = 17.11.35312.102
MinimumVisualStudioVersion = 10.0.40219.1
Project("{FAE04EC0-301F-11D3-BF4B-00C04F79EFBC}") = "Azure_Blob_Storage_Dotnet", "Azure_Blob_Storage_Dotnet\Azure_Blob_Storage_Dotnet.csproj", "{C3AA70D3-F22C-421F-94FA-3B9C8C763A4F}"
EndProject
Project("{FAE04EC0-301F-11D3-BF4B-00C04F79EFBC}") = "Azure_Blob_Trigger_Function", "Azure_Blob_Trigger_Function\Azure_Blob_Trigger_Function.csproj", "{E88B63AB-2A13-4F0B-8F19-A034E4066420}"
EndProject
Global
	GlobalSection(SolutionConfigurationPlatforms) = preSolution
		Debug|Any CPU = Debug|Any CPU
		Release|Any CPU = Release|Any CPU
	EndGlobalSection
	GlobalSection(ProjectConfigurationPlatforms) = postSolution
		{C3AA70D3-F22C-421F-94FA-3B9C8C763A4F}.Debug|Any CPU.ActiveCfg = Debug|Any CPU
		{C3AA70D3-F22C-421F-94FA-3B9C8C763A4F}.Debug|Any CPU.Build.0 = Debug|Any CPU
		{C3AA70D3-F22C-421F-94FA-3B9C8C763A4F}.Release|Any CPU.ActiveCfg = Release|Any CPU
		{C3AA70D3-F22C-421F-94FA-3B9C8C763A4F}.Release|Any CPU.Build.0 = Release|Any CPU
		{E88B63AB-2A13-4F0B-8F19-A034E4066420}.Debug|Any CPU.ActiveCfg = Debug|Any CPU
		{E88B63AB-2A13-4F0B-8F19-A034E4066420}.Debug|Any CPU.Build.0 = Debug|Any CPU
		{E88B63AB-2A13-4F0B-8F19-A034E4066420}.Release|Any CPU.ActiveCfg = Release|Any CPU
		{E88B63AB-2A13-4F0B-8F19-A034E4066420}.Release|Any CPU.Build.0 = Release|Any CPU
	EndGlobalSection
	GlobalSection(SolutionProperties) = preSolution
		HideSolutionNode = FALSE
	EndGlobalSection
	GlobalSection(ExtensibilityGlobals) = postSolution
		SolutionGuid = {C16F2CA8-C128-42CE-BA12-81205BF1F1C3}
	EndGlobalSection
EndGlobal
